Microsoft Visual Studio Solution File, Format Version 7.00
Project("{8BC9CEB8-8B4A-11D0-8D11-00A0C91BC942}") = "Magnifier", "Magnifier.vcproj", "{CF4F3D20-855E-4FCE-BFE8-E925356D9493}"
EndProject
Global
	GlobalSection(SolutionConfiguration) = preSolution
		ConfigName.0 = Debug
		ConfigName.1 = Release
	EndGlobalSection
	GlobalSection(ProjectDependencies) = postSolution
	EndGlobalSection
	GlobalSection(ProjectConfiguration) = postSolution
		{CF4F3D20-855E-4FCE-BFE8-E925356D9493}.Debug.ActiveCfg = Debug|Win32
		{CF4F3D20-855E-4FCE-BFE8-E925356D9493}.Debug.Build.0 = Debug|Win32
		{CF4F3D20-855E-4FCE-BFE8-E925356D9493}.Release.ActiveCfg = Release|Win32
		{CF4F3D20-855E-4FCE-BFE8-E925356D9493}.Release.Build.0 = Release|Win32
	EndGlobalSection
	GlobalSection(ExtensibilityGlobals) = postSolution
	EndGlobalSection
	GlobalSection(ExtensibilityAddIns) = postSolution
	EndGlobalSection
EndGlobal
